// !$*UTF8*$!
{
	archiveVersion = 1;
	classes = {
	};
	objectVersion = 46;
	objects = {

/* Begin PBXBuildFile section */
		D5437597195AE4E100F12E36 /* Foundation.framework in Frameworks */ = {isa = PBXBuildFile; fileRef = D5437596195AE4E100F12E36 /* Foundation.framework */; };
		D5437599195AE4E100F12E36 /* CoreGraphics.framework in Frameworks */ = {isa = PBXBuildFile; fileRef = D5437598195AE4E100F12E36 /* CoreGraphics.framework */; };
		D543759B195AE4E100F12E36 /* UIKit.framework in Frameworks */ = {isa = PBXBuildFile; fileRef = D543759A195AE4E100F12E36 /* UIKit.framework */; };
		D54375A1195AE4E100F12E36 /* InfoPlist.strings in Resources */ = {isa = PBXBuildFile; fileRef = D543759F195AE4E100F12E36 /* InfoPlist.strings */; };
		D54375A3195AE4E100F12E36 /* main.m in Sources */ = {isa = PBXBuildFile; fileRef = D54375A2195AE4E100F12E36 /* main.m */; };
		D54375A7195AE4E100F12E36 /* AppDelegate.m in Sources */ = {isa = PBXBuildFile; fileRef = D54375A6195AE4E100F12E36 /* AppDelegate.m */; };
		D54375A9195AE4E100F12E36 /* Images.xcassets in Resources */ = {isa = PBXBuildFile; fileRef = D54375A8195AE4E100F12E36 /* Images.xcassets */; };
		D54375B0195AE4E100F12E36 /* XCTest.framework in Frameworks */ = {isa = PBXBuildFile; fileRef = D54375AF195AE4E100F12E36 /* XCTest.framework */; };
		D54375B1195AE4E100F12E36 /* Foundation.framework in Frameworks */ = {isa = PBXBuildFile; fileRef = D5437596195AE4E100F12E36 /* Foundation.framework */; };
		D54375B2195AE4E100F12E36 /* UIKit.framework in Frameworks */ = {isa = PBXBuildFile; fileRef = D543759A195AE4E100F12E36 /* UIKit.framework */; };
		D54375BA195AE4E100F12E36 /* InfoPlist.strings in Resources */ = {isa = PBXBuildFile; fileRef = D54375B8195AE4E100F12E36 /* InfoPlist.strings */; };
		D54375BC195AE4E100F12E36 /* esollaTests.m in Sources */ = {isa = PBXBuildFile; fileRef = D54375BB195AE4E100F12E36 /* esollaTests.m */; };
		D54375C7195AE50200F12E36 /* TopViewController.m in Sources */ = {isa = PBXBuildFile; fileRef = D54375C6195AE50200F12E36 /* TopViewController.m */; };
/* End PBXBuildFile section */

/* Begin PBXContainerItemProxy section */
		D54375B3195AE4E100F12E36 /* PBXContainerItemProxy */ = {
			isa = PBXContainerItemProxy;
			containerPortal = D543758B195AE4E100F12E36 /* Project object */;
			proxyType = 1;
			remoteGlobalIDString = D5437592195AE4E100F12E36;
			remoteInfo = esolla;
		};
/* End PBXContainerItemProxy section */

/* Begin PBXFileReference section */
		D5437593195AE4E100F12E36 /* esolla.app */ = {isa = PBXFileReference; explicitFileType = wrapper.application; includeInIndex = 0; path = esolla.app; sourceTree = BUILT_PRODUCTS_DIR; };
		D5437596195AE4E100F12E36 /* Foundation.framework */ = {isa = PBXFileReference; lastKnownFileType = wrapper.framework; name = Foundation.framework; path = System/Library/Frameworks/Foundation.framework; sourceTree = SDKROOT; };
		D5437598195AE4E100F12E36 /* CoreGraphics.framework */ = {isa = PBXFileReference; lastKnownFileType = wrapper.framework; name = CoreGraphics.framework; path = System/Library/Frameworks/CoreGraphics.framework; sourceTree = SDKROOT; };
		D543759A195AE4E100F12E36 /* UIKit.framework */ = {isa = PBXFileReference; lastKnownFileType = wrapper.framework; name = UIKit.framework; path = System/Library/Frameworks/UIKit.framework; sourceTree = SDKROOT; };
		D543759E195AE4E100F12E36 /* esolla-Info.plist */ = {isa = PBXFileReference; lastKnownFileType = text.plist.xml; path = "esolla-Info.plist"; sourceTree = "<group>"; };
		D54375A0195AE4E100F12E36 /* en */ = {isa = PBXFileReference; lastKnownFileType = text.plist.strings; name = en; path = en.lproj/InfoPlist.strings; sourceTree = "<group>"; };
		D54375A2195AE4E100F12E36 /* main.m */ = {isa = PBXFileReference; lastKnownFileType = sourcecode.c.objc; path = main.m; sourceTree = "<group>"; };
		D54375A4195AE4E100F12E36 /* esolla-Prefix.pch */ = {isa = PBXFileReference; lastKnownFileType = sourcecode.c.h; path = "esolla-Prefix.pch"; sourceTree = "<group>"; };
		D54375A5195AE4E100F12E36 /* AppDelegate.h */ = {isa = PBXFileReference; lastKnownFileType = sourcecode.c.h; path = AppDelegate.h; sourceTree = "<group>"; };
		D54375A6195AE4E100F12E36 /* AppDelegate.m */ = {isa = PBXFileReference; lastKnownFileType = sourcecode.c.objc; path = AppDelegate.m; sourceTree = "<group>"; };
		D54375A8195AE4E100F12E36 /* Images.xcassets */ = {isa = PBXFileReference; lastKnownFileType = folder.assetcatalog; path = Images.xcassets; sourceTree = "<group>"; };
		D54375AE195AE4E100F12E36 /* esollaTests.xctest */ = {isa = PBXFileReference; explicitFileType = wrapper.cfbundle; includeInIndex = 0; path = esollaTests.xctest; sourceTree = BUILT_PRODUCTS_DIR; };
		D54375AF195AE4E100F12E36 /* XCTest.framework */ = {isa = PBXFileReference; lastKnownFileType = wrapper.framework; name = XCTest.framework; path = Library/Frameworks/XCTest.framework; sourceTree = DEVELOPER_DIR; };
		D54375B7195AE4E100F12E36 /* esollaTests-Info.plist */ = {isa = PBXFileReference; lastKnownFileType = text.plist.xml; path = "esollaTests-Info.plist"; sourceTree = "<group>"; };
		D54375B9195AE4E100F12E36 /* en */ = {isa = PBXFileReference; lastKnownFileType = text.plist.strings; name = en; path = en.lproj/InfoPlist.strings; sourceTree = "<group>"; };
		D54375BB195AE4E100F12E36 /* esollaTests.m */ = {isa = PBXFileReference; lastKnownFileType = sourcecode.c.objc; path = esollaTests.m; sourceTree = "<group>"; };
		D54375C5195AE50200F12E36 /* TopViewController.h */ = {isa = PBXFileReference; fileEncoding = 4; lastKnownFileType = sourcecode.c.h; path = TopViewController.h; sourceTree = "<group>"; };
		D54375C6195AE50200F12E36 /* TopViewController.m */ = {isa = PBXFileReference; fileEncoding = 4; lastKnownFileType = sourcecode.c.objc; path = TopViewController.m; sourceTree = "<group>"; };
/* End PBXFileReference section */

/* Begin PBXFrameworksBuildPhase section */
		D5437590195AE4E100F12E36 /* Frameworks */ = {
			isa = PBXFrameworksBuildPhase;
			buildActionMask = 2147483647;
			files = (
				D5437599195AE4E100F12E36 /* CoreGraphics.framework in Frameworks */,
				D543759B195AE4E100F12E36 /* UIKit.framework in Frameworks */,
				D5437597195AE4E100F12E36 /* Foundation.framework in Frameworks */,
			);
			runOnlyForDeploymentPostprocessing = 0;
		};
		D54375AB195AE4E100F12E36 /* Frameworks */ = {
			isa = PBXFrameworksBuildPhase;
			buildActionMask = 2147483647;
			files = (
				D54375B0195AE4E100F12E36 /* XCTest.framework in Frameworks */,
				D54375B2195AE4E100F12E36 /* UIKit.framework in Frameworks */,
				D54375B1195AE4E100F12E36 /* Foundation.framework in Frameworks */,
			);
			runOnlyForDeploymentPostprocessing = 0;
		};
/* End PBXFrameworksBuildPhase section */

/* Begin PBXGroup section */
		D543758A195AE4E100F12E36 = {
			isa = PBXGroup;
			children = (
				D543759C195AE4E100F12E36 /* esolla */,
				D54375B5195AE4E100F12E36 /* esollaTests */,
				D5437595195AE4E100F12E36 /* Frameworks */,
				D5437594195AE4E100F12E36 /* Products */,
			);
			sourceTree = "<group>";
		};
		D5437594195AE4E100F12E36 /* Products */ = {
			isa = PBXGroup;
			children = (
				D5437593195AE4E100F12E36 /* esolla.app */,
				D54375AE195AE4E100F12E36 /* esollaTests.xctest */,
			);
			name = Products;
			sourceTree = "<group>";
		};
		D5437595195AE4E100F12E36 /* Frameworks */ = {
			isa = PBXGroup;
			children = (
				D5437596195AE4E100F12E36 /* Foundation.framework */,
				D5437598195AE4E100F12E36 /* CoreGraphics.framework */,
				D543759A195AE4E100F12E36 /* UIKit.framework */,
				D54375AF195AE4E100F12E36 /* XCTest.framework */,
			);
			name = Frameworks;
			sourceTree = "<group>";
		};
		D543759C195AE4E100F12E36 /* esolla */ = {
			isa = PBXGroup;
			children = (
				D54375A5195AE4E100F12E36 /* AppDelegate.h */,
				D54375A6195AE4E100F12E36 /* AppDelegate.m */,
				D54375C5195AE50200F12E36 /* TopViewController.h */,
				D54375C6195AE50200F12E36 /* TopViewController.m */,
				D54375A8195AE4E100F12E36 /* Images.xcassets */,
				D543759D195AE4E100F12E36 /* Supporting Files */,
			);
			path = esolla;
			sourceTree = "<group>";
		};
		D543759D195AE4E100F12E36 /* Supporting Files */ = {
			isa = PBXGroup;
			children = (
				D543759E195AE4E100F12E36 /* esolla-Info.plist */,
				D543759F195AE4E100F12E36 /* InfoPlist.strings */,
				D54375A2195AE4E100F12E36 /* main.m */,
				D54375A4195AE4E100F12E36 /* esolla-Prefix.pch */,
			);
			name = "Supporting Files";
			sourceTree = "<group>";
		};
		D54375B5195AE4E100F12E36 /* esollaTests */ = {
			isa = PBXGroup;
			children = (
				D54375BB195AE4E100F12E36 /* esollaTests.m */,
				D54375B6195AE4E100F12E36 /* Supporting Files */,
			);
			path = esollaTests;
			sourceTree = "<group>";
		};
		D54375B6195AE4E100F12E36 /* Supporting Files */ = {
			isa = PBXGroup;
			children = (
				D54375B7195AE4E100F12E36 /* esollaTests-Info.plist */,
				D54375B8195AE4E100F12E36 /* InfoPlist.strings */,
			);
			name = "Supporting Files";
			sourceTree = "<group>";
		};
/* End PBXGroup section */

/* Begin PBXNativeTarget section */
		D5437592195AE4E100F12E36 /* esolla */ = {
			isa = PBXNativeTarget;
			buildConfigurationList = D54375BF195AE4E100F12E36 /* Build configuration list for PBXNativeTarget "esolla" */;
			buildPhases = (
				D543758F195AE4E100F12E36 /* Sources */,
				D5437590195AE4E100F12E36 /* Frameworks */,
				D5437591195AE4E100F12E36 /* Resources */,
			);
			buildRules = (
			);
			dependencies = (
			);
			name = esolla;
			productName = esolla;
			productReference = D5437593195AE4E100F12E36 /* esolla.app */;
			productType = "com.apple.product-type.application";
		};
		D54375AD195AE4E100F12E36 /* esollaTests */ = {
			isa = PBXNativeTarget;
			buildConfigurationList = D54375C2195AE4E100F12E36 /* Build configuration list for PBXNativeTarget "esollaTests" */;
			buildPhases = (
				D54375AA195AE4E100F12E36 /* Sources */,
				D54375AB195AE4E100F12E36 /* Frameworks */,
				D54375AC195AE4E100F12E36 /* Resources */,
			);
			buildRules = (
			);
			dependencies = (
				D54375B4195AE4E100F12E36 /* PBXTargetDependency */,
			);
			name = esollaTests;
			productName = esollaTests;
			productReference = D54375AE195AE4E100F12E36 /* esollaTests.xctest */;
			productType = "com.apple.product-type.bundle.unit-test";
		};
/* End PBXNativeTarget section */

/* Begin PBXProject section */
		D543758B195AE4E100F12E36 /* Project object */ = {
			isa = PBXProject;
			attributes = {
				LastUpgradeCheck = 0510;
				ORGANIZATIONNAME = "tatsuaki watanabe";
				TargetAttributes = {
					D54375AD195AE4E100F12E36 = {
						TestTargetID = D5437592195AE4E100F12E36;
					};
				};
			};
			buildConfigurationList = D543758E195AE4E100F12E36 /* Build configuration list for PBXProject "esolla" */;
			compatibilityVersion = "Xcode 3.2";
			developmentRegion = English;
			hasScannedForEncodings = 0;
			knownRegions = (
				en,
			);
			mainGroup = D543758A195AE4E100F12E36;
			productRefGroup = D5437594195AE4E100F12E36 /* Products */;
			projectDirPath = "";
			projectRoot = "";
			targets = (
				D5437592195AE4E100F12E36 /* esolla */,
				D54375AD195AE4E100F12E36 /* esollaTests */,
			);
		};
/* End PBXProject section */

/* Begin PBXResourcesBuildPhase section */
		D5437591195AE4E100F12E36 /* Resources */ = {
			isa = PBXResourcesBuildPhase;
			buildActionMask = 2147483647;
			files = (
				D54375A1195AE4E100F12E36 /* InfoPlist.strings in Resources */,
				D54375A9195AE4E100F12E36 /* Images.xcassets in Resources */,
			);
			runOnlyForDeploymentPostprocessing = 0;
		};
		D54375AC195AE4E100F12E36 /* Resources */ = {
			isa = PBXResourcesBuildPhase;
			buildActionMask = 2147483647;
			files = (
				D54375BA195AE4E100F12E36 /* InfoPlist.strings in Resources */,
			);
			runOnlyForDeploymentPostprocessing = 0;
		};
/* End PBXResourcesBuildPhase section */

/* Begin PBXSourcesBuildPhase section */
		D543758F195AE4E100F12E36 /* Sources */ = {
			isa = PBXSourcesBuildPhase;
			buildActionMask = 2147483647;
			files = (
				D54375A7195AE4E100F12E36 /* AppDelegate.m in Sources */,
				D54375A3195AE4E100F12E36 /* main.m in Sources */,
				D54375C7195AE50200F12E36 /* TopViewController.m in Sources */,
			);
			runOnlyForDeploymentPostprocessing = 0;
		};
		D54375AA195AE4E100F12E36 /* Sources */ = {
			isa = PBXSourcesBuildPhase;
			buildActionMask = 2147483647;
			files = (
				D54375BC195AE4E100F12E36 /* esollaTests.m in Sources */,
			);
			runOnlyForDeploymentPostprocessing = 0;
		};
/* End PBXSourcesBuildPhase section */

/* Begin PBXTargetDependency section */
		D54375B4195AE4E100F12E36 /* PBXTargetDependency */ = {
			isa = PBXTargetDependency;
			target = D5437592195AE4E100F12E36 /* esolla */;
			targetProxy = D54375B3195AE4E100F12E36 /* PBXContainerItemProxy */;
		};
/* End PBXTargetDependency section */

/* Begin PBXVariantGroup section */
		D543759F195AE4E100F12E36 /* InfoPlist.strings */ = {
			isa = PBXVariantGroup;
			children = (
				D54375A0195AE4E100F12E36 /* en */,
			);
			name = InfoPlist.strings;
			sourceTree = "<group>";
		};
		D54375B8195AE4E100F12E36 /* InfoPlist.strings */ = {
			isa = PBXVariantGroup;
			children = (
				D54375B9195AE4E100F12E36 /* en */,
			);
			name = InfoPlist.strings;
			sourceTree = "<group>";
		};
/* End PBXVariantGroup section */

/* Begin XCBuildConfiguration section */
		D54375BD195AE4E100F12E36 /* Debug */ = {
			isa = XCBuildConfiguration;
			buildSettings = {
				ALWAYS_SEARCH_USER_PATHS = NO;
				CLANG_CXX_LANGUAGE_STANDARD = "gnu++0x";
				CLANG_CXX_LIBRARY = "libc++";
				CLANG_ENABLE_MODULES = YES;
				CLANG_ENABLE_OBJC_ARC = YES;
				CLANG_WARN_BOOL_CONVERSION = YES;
				CLANG_WARN_CONSTANT_CONVERSION = YES;
				CLANG_WARN_DIRECT_OBJC_ISA_USAGE = YES_ERROR;
				CLANG_WARN_EMPTY_BODY = YES;
				CLANG_WARN_ENUM_CONVERSION = YES;
				CLANG_WARN_INT_CONVERSION = YES;
				CLANG_WARN_OBJC_ROOT_CLASS = YES_ERROR;
				CLANG_WARN__DUPLICATE_METHOD_MATCH = YES;
				"CODE_SIGN_IDENTITY[sdk=iphoneos*]" = "iPhone Developer";
				COPY_PHASE_STRIP = NO;
				GCC_C_LANGUAGE_STANDARD = gnu99;
				GCC_DYNAMIC_NO_PIC = NO;
				GCC_OPTIMIZATION_LEVEL = 0;
				GCC_PREPROCESSOR_DEFINITIONS = (
					"DEBUG=1",
					"$(inherited)",
				);
				GCC_SYMBOLS_PRIVATE_EXTERN = NO;
				GCC_WARN_64_TO_32_BIT_CONVERSION = YES;
				GCC_WARN_ABOUT_RETURN_TYPE = YES_ERROR;
				GCC_WARN_UNDECLARED_SELECTOR = YES;
				GCC_WARN_UNINITIALIZED_AUTOS = YES_AGGRESSIVE;
				GCC_WARN_UNUSED_FUNCTION = YES;
				GCC_WARN_UNUSED_VARIABLE = YES;
				IPHONEOS_DEPLOYMENT_TARGET = 7.1;
				ONLY_ACTIVE_ARCH = YES;
				SDKROOT = iphoneos;
			};
			name = Debug;
		};
		D54375BE195AE4E100F12E36 /* Release */ = {
			isa = XCBuildConfiguration;
			buildSettings = {
				ALWAYS_SEARCH_USER_PATHS = NO;
				CLANG_CXX_LANGUAGE_STANDARD = "gnu++0x";
				CLANG_CXX_LIBRARY = "libc++";
				CLANG_ENABLE_MODULES = YES;
				CLANG_ENABLE_OBJC_ARC = YES;
				CLANG_WARN_BOOL_CONVERSION = YES;
				CLANG_WARN_CONSTANT_CONVERSION = YES;
				CLANG_WARN_DIRECT_OBJC_ISA_USAGE = YES_ERROR;
				CLANG_WARN_EMPTY_BODY = YES;
				CLANG_WARN_ENUM_CONVERSION = YES;
				CLANG_WARN_INT_CONVERSION = YES;
				CLANG_WARN_OBJC_ROOT_CLASS = YES_ERROR;
				CLANG_WARN__DUPLICATE_METHOD_MATCH = YES;
				"CODE_SIGN_IDENTITY[sdk=iphoneos*]" = "iPhone Developer";
				COPY_PHASE_STRIP = YES;
				ENABLE_NS_ASSERTIONS = NO;
				GCC_C_LANGUAGE_STANDARD = gnu99;
				GCC_WARN_64_TO_32_BIT_CONVERSION = YES;
				GCC_WARN_ABOUT_RETURN_TYPE = YES_ERROR;
				GCC_WARN_UNDECLARED_SELECTOR = YES;
				GCC_WARN_UNINITIALIZED_AUTOS = YES_AGGRESSIVE;
				GCC_WARN_UNUSED_FUNCTION = YES;
				GCC_WARN_UNUSED_VARIABLE = YES;
				IPHONEOS_DEPLOYMENT_TARGET = 7.1;
				SDKROOT = iphoneos;
				VALIDATE_PRODUCT = YES;
			};
			name = Release;
		};
		D54375C0195AE4E100F12E36 /* Debug */ = {
			isa = XCBuildConfiguration;
			buildSettings = {
				ASSETCATALOG_COMPILER_APPICON_NAME = AppIcon;
				ASSETCATALOG_COMPILER_LAUNCHIMAGE_NAME = LaunchImage;
				GCC_PRECOMPILE_PREFIX_HEADER = YES;
				GCC_PREFIX_HEADER = "esolla/esolla-Prefix.pch";
				INFOPLIST_FILE = "esolla/esolla-Info.plist";
				PRODUCT_NAME = "$(TARGET_NAME)";
				WRAPPER_EXTENSION = app;
			};
			name = Debug;
		};
		D54375C1195AE4E100F12E36 /* Release */ = {
			isa = XCBuildConfiguration;
			buildSettings = {
				ASSETCATALOG_COMPILER_APPICON_NAME = AppIcon;
				ASSETCATALOG_COMPILER_LAUNCHIMAGE_NAME = LaunchImage;
				GCC_PRECOMPILE_PREFIX_HEADER = YES;
				GCC_PREFIX_HEADER = "esolla/esolla-Prefix.pch";
				INFOPLIST_FILE = "esolla/esolla-Info.plist";
				PRODUCT_NAME = "$(TARGET_NAME)";
				WRAPPER_EXTENSION = app;
			};
			name = Release;
		};
		D54375C3195AE4E100F12E36 /* Debug */ = {
			isa = XCBuildConfiguration;
			buildSettings = {
				BUNDLE_LOADER = "$(BUILT_PRODUCTS_DIR)/esolla.app/esolla";
				FRAMEWORK_SEARCH_PATHS = (
					"$(SDKROOT)/Developer/Library/Frameworks",
					"$(inherited)",
					"$(DEVELOPER_FRAMEWORKS_DIR)",
				);
				GCC_PRECOMPILE_PREFIX_HEADER = YES;
				GCC_PREFIX_HEADER = "esolla/esolla-Prefix.pch";
				GCC_PREPROCESSOR_DEFINITIONS = (
					"DEBUG=1",
					"$(inherited)",
				);
				INFOPLIST_FILE = "esollaTests/esollaTests-Info.plist";
				PRODUCT_NAME = "$(TARGET_NAME)";
				TEST_HOST = "$(BUNDLE_LOADER)";
				WRAPPER_EXTENSION = xctest;
			};
			name = Debug;
		};
		D54375C4195AE4E100F12E36 /* Release */ = {
			isa = XCBuildConfiguration;
			buildSettings = {
				BUNDLE_LOADER = "$(BUILT_PRODUCTS_DIR)/esolla.app/esolla";
				FRAMEWORK_SEARCH_PATHS = (
					"$(SDKROOT)/Developer/Library/Frameworks",
					"$(inherited)",
					"$(DEVELOPER_FRAMEWORKS_DIR)",
				);
				GCC_PRECOMPILE_PREFIX_HEADER = YES;
				GCC_PREFIX_HEADER = "esolla/esolla-Prefix.pch";
				INFOPLIST_FILE = "esollaTests/esollaTests-Info.plist";
				PRODUCT_NAME = "$(TARGET_NAME)";
				TEST_HOST = "$(BUNDLE_LOADER)";
				WRAPPER_EXTENSION = xctest;
			};
			name = Release;
		};
/* End XCBuildConfiguration section */

/* Begin XCConfigurationList section */
		D543758E195AE4E100F12E36 /* Build configuration list for PBXProject "esolla" */ = {
			isa = XCConfigurationList;
			buildConfigurations = (
				D54375BD195AE4E100F12E36 /* Debug */,
				D54375BE195AE4E100F12E36 /* Release */,
			);
			defaultConfigurationIsVisible = 0;
			defaultConfigurationName = Release;
		};
		D54375BF195AE4E100F12E36 /* Build configuration list for PBXNativeTarget "esolla" */ = {
			isa = XCConfigurationList;
			buildConfigurations = (
				D54375C0195AE4E100F12E36 /* Debug */,
				D54375C1195AE4E100F12E36 /* Release */,
			);
			defaultConfigurationIsVisible = 0;
		};
		D54375C2195AE4E100F12E36 /* Build configuration list for PBXNativeTarget "esollaTests" */ = {
			isa = XCConfigurationList;
			buildConfigurations = (
				D54375C3195AE4E100F12E36 /* Debug */,
				D54375C4195AE4E100F12E36 /* Release */,
			);
			defaultConfigurationIsVisible = 0;
		};
/* End XCConfigurationList section */
	};
	rootObject = D543758B195AE4E100F12E36 /* Project object */;
}
